
Microsoft Visual Studio Solution File, Format Version 12.00
Project("{FAE04EC0-301F-11D3-BF4B-00C04F79EFBC}") = "KeycloakAuthentication", "KeycloakAuthentication\KeycloakAuthentication.csproj", "{4D930A51-A35E-4C54-9843-0D9A09D08823}"
EndProject
Project("{FAE04EC0-301F-11D3-BF4B-00C04F79EFBC}") = "KeycloakAuthentication.Tests", "KeycloakAuthentication.Tests\KeycloakAuthentication.Tests.csproj", "{F3F1A8EB-5C99-4970-BEEF-7388D715ABDA}"
EndProject
Global
	GlobalSection(SolutionConfigurationPlatforms) = preSolution
		Debug|Any CPU = Debug|Any CPU
		Release|Any CPU = Release|Any CPU
	EndGlobalSection
	GlobalSection(ProjectConfigurationPlatforms) = postSolution
		{4D930A51-A35E-4C54-9843-0D9A09D08823}.Debug|Any CPU.ActiveCfg = Debug|Any CPU
		{4D930A51-A35E-4C54-9843-0D9A09D08823}.Debug|Any CPU.Build.0 = Debug|Any CPU
		{4D930A51-A35E-4C54-9843-0D9A09D08823}.Release|Any CPU.ActiveCfg = Release|Any CPU
		{4D930A51-A35E-4C54-9843-0D9A09D08823}.Release|Any CPU.Build.0 = Release|Any CPU
		{F3F1A8EB-5C99-4970-BEEF-7388D715ABDA}.Debug|Any CPU.ActiveCfg = Debug|Any CPU
		{F3F1A8EB-5C99-4970-BEEF-7388D715ABDA}.Debug|Any CPU.Build.0 = Debug|Any CPU
		{F3F1A8EB-5C99-4970-BEEF-7388D715ABDA}.Release|Any CPU.ActiveCfg = Release|Any CPU
		{F3F1A8EB-5C99-4970-BEEF-7388D715ABDA}.Release|Any CPU.Build.0 = Release|Any CPU
	EndGlobalSection
EndGlobal
